
Microsoft Visual Studio Solution File, Format Version 12.00
# Visual Studio 15
VisualStudioVersion = 15.0.26430.6
MinimumVisualStudioVersion = 10.0.40219.1
Project("{FAE04EC0-301F-11D3-BF4B-00C04F79EFBC}") = "Sample1_HelloWorld", "labacitivity_BRAR\Sample1_HelloWorld.csproj", "{DE1217FF-9905-4B33-BED3-0B777D610FD3}"
EndProject
Project("{FAE04EC0-301F-11D3-BF4B-00C04F79EFBC}") = "Sample2_MyProfile", "Sample2_MyProfile\Sample2_MyProfile.csproj", "{064B94CF-4472-4E46-8C94-10266FF4A5E9}"
EndProject
Project("{FAE04EC0-301F-11D3-BF4B-00C04F79EFBC}") = "Sample3_InputMyName", "Sample3_InputMyName\Sample3_InputMyName.csproj", "{95F9EFF8-0424-43DE-AD14-977443B32FE8}"
EndProject
Global
	GlobalSection(SolutionConfigurationPlatforms) = preSolution
		Debug|Any CPU = Debug|Any CPU
		Release|Any CPU = Release|Any CPU
	EndGlobalSection
	GlobalSection(ProjectConfigurationPlatforms) = postSolution
		{DE1217FF-9905-4B33-BED3-0B777D610FD3}.Debug|Any CPU.ActiveCfg = Debug|Any CPU
		{DE1217FF-9905-4B33-BED3-0B777D610FD3}.Debug|Any CPU.Build.0 = Debug|Any CPU
		{DE1217FF-9905-4B33-BED3-0B777D610FD3}.Release|Any CPU.ActiveCfg = Release|Any CPU
		{DE1217FF-9905-4B33-BED3-0B777D610FD3}.Release|Any CPU.Build.0 = Release|Any CPU
		{064B94CF-4472-4E46-8C94-10266FF4A5E9}.Debug|Any CPU.ActiveCfg = Debug|Any CPU
		{064B94CF-4472-4E46-8C94-10266FF4A5E9}.Debug|Any CPU.Build.0 = Debug|Any CPU
		{064B94CF-4472-4E46-8C94-10266FF4A5E9}.Release|Any CPU.ActiveCfg = Release|Any CPU
		{064B94CF-4472-4E46-8C94-10266FF4A5E9}.Release|Any CPU.Build.0 = Release|Any CPU
		{95F9EFF8-0424-43DE-AD14-977443B32FE8}.Debug|Any CPU.ActiveCfg = Debug|Any CPU
		{95F9EFF8-0424-43DE-AD14-977443B32FE8}.Debug|Any CPU.Build.0 = Debug|Any CPU
		{95F9EFF8-0424-43DE-AD14-977443B32FE8}.Release|Any CPU.ActiveCfg = Release|Any CPU
		{95F9EFF8-0424-43DE-AD14-977443B32FE8}.Release|Any CPU.Build.0 = Release|Any CPU
	EndGlobalSection
	GlobalSection(SolutionProperties) = preSolution
		HideSolutionNode = FALSE
	EndGlobalSection
EndGlobal
