
Microsoft Visual Studio Solution File, Format Version 12.00
# Visual Studio 15
VisualStudioVersion = 15.0.26430.6
MinimumVisualStudioVersion = 10.0.40219.1
Project("{FAE04EC0-301F-11D3-BF4B-00C04F79EFBC}") = "Sample1_HelloWorld", "LabActivity1_Caguimbal\Sample1_HelloWorld.csproj", "{BF8EC48B-DEBE-4323-8637-A8BE736E1715}"
EndProject
Project("{FAE04EC0-301F-11D3-BF4B-00C04F79EFBC}") = "Sample2_MyProfile", "Sample2_MyProfile\Sample2_MyProfile.csproj", "{32BA4D21-874A-4AE1-A7CF-61ACF9F5C796}"
EndProject
Project("{FAE04EC0-301F-11D3-BF4B-00C04F79EFBC}") = "Sample3_InputMyName", "Sample3_InputMyName\Sample3_InputMyName.csproj", "{EDC9285B-11FB-4F4D-8AC1-0D182489C294}"
EndProject
Global
	GlobalSection(SolutionConfigurationPlatforms) = preSolution
		Debug|Any CPU = Debug|Any CPU
		Release|Any CPU = Release|Any CPU
	EndGlobalSection
	GlobalSection(ProjectConfigurationPlatforms) = postSolution
		{BF8EC48B-DEBE-4323-8637-A8BE736E1715}.Debug|Any CPU.ActiveCfg = Debug|Any CPU
		{BF8EC48B-DEBE-4323-8637-A8BE736E1715}.Debug|Any CPU.Build.0 = Debug|Any CPU
		{BF8EC48B-DEBE-4323-8637-A8BE736E1715}.Release|Any CPU.ActiveCfg = Release|Any CPU
		{BF8EC48B-DEBE-4323-8637-A8BE736E1715}.Release|Any CPU.Build.0 = Release|Any CPU
		{32BA4D21-874A-4AE1-A7CF-61ACF9F5C796}.Debug|Any CPU.ActiveCfg = Debug|Any CPU
		{32BA4D21-874A-4AE1-A7CF-61ACF9F5C796}.Debug|Any CPU.Build.0 = Debug|Any CPU
		{32BA4D21-874A-4AE1-A7CF-61ACF9F5C796}.Release|Any CPU.ActiveCfg = Release|Any CPU
		{32BA4D21-874A-4AE1-A7CF-61ACF9F5C796}.Release|Any CPU.Build.0 = Release|Any CPU
		{EDC9285B-11FB-4F4D-8AC1-0D182489C294}.Debug|Any CPU.ActiveCfg = Debug|Any CPU
		{EDC9285B-11FB-4F4D-8AC1-0D182489C294}.Debug|Any CPU.Build.0 = Debug|Any CPU
		{EDC9285B-11FB-4F4D-8AC1-0D182489C294}.Release|Any CPU.ActiveCfg = Release|Any CPU
		{EDC9285B-11FB-4F4D-8AC1-0D182489C294}.Release|Any CPU.Build.0 = Release|Any CPU
	EndGlobalSection
	GlobalSection(SolutionProperties) = preSolution
		HideSolutionNode = FALSE
	EndGlobalSection
EndGlobal
