
Microsoft Visual Studio Solution File, Format Version 12.00
# Visual Studio 15
VisualStudioVersion = 15.0.26430.6
MinimumVisualStudioVersion = 10.0.40219.1
Project("{FAE04EC0-301F-11D3-BF4B-00C04F79EFBC}") = "Sample1_HelloWorld", "LabActivity1_Agomaa\Sample1_HelloWorld.csproj", "{C4DEE841-BD0B-46FD-9C3F-241B9D34102B}"
EndProject
Project("{FAE04EC0-301F-11D3-BF4B-00C04F79EFBC}") = "Sample2_MyProfile", "Sample2_MyProfile\Sample2_MyProfile.csproj", "{27C42039-560C-4E55-9B1A-328A898B1458}"
EndProject
Project("{FAE04EC0-301F-11D3-BF4B-00C04F79EFBC}") = "Sample3_InputMyName", "Sample3_InputMyName\Sample3_InputMyName.csproj", "{8B66D1D4-6A1B-4463-AE14-2AC4F3ED0889}"
EndProject
Global
	GlobalSection(SolutionConfigurationPlatforms) = preSolution
		Debug|Any CPU = Debug|Any CPU
		Release|Any CPU = Release|Any CPU
	EndGlobalSection
	GlobalSection(ProjectConfigurationPlatforms) = postSolution
		{C4DEE841-BD0B-46FD-9C3F-241B9D34102B}.Debug|Any CPU.ActiveCfg = Debug|Any CPU
		{C4DEE841-BD0B-46FD-9C3F-241B9D34102B}.Debug|Any CPU.Build.0 = Debug|Any CPU
		{C4DEE841-BD0B-46FD-9C3F-241B9D34102B}.Release|Any CPU.ActiveCfg = Release|Any CPU
		{C4DEE841-BD0B-46FD-9C3F-241B9D34102B}.Release|Any CPU.Build.0 = Release|Any CPU
		{27C42039-560C-4E55-9B1A-328A898B1458}.Debug|Any CPU.ActiveCfg = Debug|Any CPU
		{27C42039-560C-4E55-9B1A-328A898B1458}.Debug|Any CPU.Build.0 = Debug|Any CPU
		{27C42039-560C-4E55-9B1A-328A898B1458}.Release|Any CPU.ActiveCfg = Release|Any CPU
		{27C42039-560C-4E55-9B1A-328A898B1458}.Release|Any CPU.Build.0 = Release|Any CPU
		{8B66D1D4-6A1B-4463-AE14-2AC4F3ED0889}.Debug|Any CPU.ActiveCfg = Debug|Any CPU
		{8B66D1D4-6A1B-4463-AE14-2AC4F3ED0889}.Debug|Any CPU.Build.0 = Debug|Any CPU
		{8B66D1D4-6A1B-4463-AE14-2AC4F3ED0889}.Release|Any CPU.ActiveCfg = Release|Any CPU
		{8B66D1D4-6A1B-4463-AE14-2AC4F3ED0889}.Release|Any CPU.Build.0 = Release|Any CPU
	EndGlobalSection
	GlobalSection(SolutionProperties) = preSolution
		HideSolutionNode = FALSE
	EndGlobalSection
EndGlobal
