
Microsoft Visual Studio Solution File, Format Version 12.00
# Visual Studio 15
VisualStudioVersion = 15.0.26430.6
MinimumVisualStudioVersion = 10.0.40219.1
Project("{FAE04EC0-301F-11D3-BF4B-00C04F79EFBC}") = "CompareNumbers", "ConsoleApp1\CompareNumbers.csproj", "{406992D7-FB20-4903-8F99-270372F06220}"
EndProject
Project("{FAE04EC0-301F-11D3-BF4B-00C04F79EFBC}") = "GradingSystem", "GradingSystem\GradingSystem.csproj", "{19415AA1-467D-47E4-ADC3-88B5C60599A5}"
EndProject
Project("{FAE04EC0-301F-11D3-BF4B-00C04F79EFBC}") = "Do-While", "Do-While\Do-While.csproj", "{128B46B3-1725-4D84-BE6E-628AA78AB6B1}"
EndProject
Project("{FAE04EC0-301F-11D3-BF4B-00C04F79EFBC}") = "While", "While\While.csproj", "{E5547552-1950-49B8-A800-B29E133EAB8F}"
EndProject
Project("{FAE04EC0-301F-11D3-BF4B-00C04F79EFBC}") = "For", "For\For.csproj", "{9D447596-0CDA-4A6A-93E2-41724B9428C6}"
EndProject
Project("{FAE04EC0-301F-11D3-BF4B-00C04F79EFBC}") = "Switch", "Switch\Switch.csproj", "{DA4FCD5D-3307-426D-BBF9-C02D12D81D48}"
EndProject
Global
	GlobalSection(SolutionConfigurationPlatforms) = preSolution
		Debug|Any CPU = Debug|Any CPU
		Release|Any CPU = Release|Any CPU
	EndGlobalSection
	GlobalSection(ProjectConfigurationPlatforms) = postSolution
		{406992D7-FB20-4903-8F99-270372F06220}.Debug|Any CPU.ActiveCfg = Debug|Any CPU
		{406992D7-FB20-4903-8F99-270372F06220}.Debug|Any CPU.Build.0 = Debug|Any CPU
		{406992D7-FB20-4903-8F99-270372F06220}.Release|Any CPU.ActiveCfg = Release|Any CPU
		{406992D7-FB20-4903-8F99-270372F06220}.Release|Any CPU.Build.0 = Release|Any CPU
		{19415AA1-467D-47E4-ADC3-88B5C60599A5}.Debug|Any CPU.ActiveCfg = Debug|Any CPU
		{19415AA1-467D-47E4-ADC3-88B5C60599A5}.Debug|Any CPU.Build.0 = Debug|Any CPU
		{19415AA1-467D-47E4-ADC3-88B5C60599A5}.Release|Any CPU.ActiveCfg = Release|Any CPU
		{19415AA1-467D-47E4-ADC3-88B5C60599A5}.Release|Any CPU.Build.0 = Release|Any CPU
		{128B46B3-1725-4D84-BE6E-628AA78AB6B1}.Debug|Any CPU.ActiveCfg = Debug|Any CPU
		{128B46B3-1725-4D84-BE6E-628AA78AB6B1}.Debug|Any CPU.Build.0 = Debug|Any CPU
		{128B46B3-1725-4D84-BE6E-628AA78AB6B1}.Release|Any CPU.ActiveCfg = Release|Any CPU
		{128B46B3-1725-4D84-BE6E-628AA78AB6B1}.Release|Any CPU.Build.0 = Release|Any CPU
		{E5547552-1950-49B8-A800-B29E133EAB8F}.Debug|Any CPU.ActiveCfg = Debug|Any CPU
		{E5547552-1950-49B8-A800-B29E133EAB8F}.Debug|Any CPU.Build.0 = Debug|Any CPU
		{E5547552-1950-49B8-A800-B29E133EAB8F}.Release|Any CPU.ActiveCfg = Release|Any CPU
		{E5547552-1950-49B8-A800-B29E133EAB8F}.Release|Any CPU.Build.0 = Release|Any CPU
		{9D447596-0CDA-4A6A-93E2-41724B9428C6}.Debug|Any CPU.ActiveCfg = Debug|Any CPU
		{9D447596-0CDA-4A6A-93E2-41724B9428C6}.Debug|Any CPU.Build.0 = Debug|Any CPU
		{9D447596-0CDA-4A6A-93E2-41724B9428C6}.Release|Any CPU.ActiveCfg = Release|Any CPU
		{9D447596-0CDA-4A6A-93E2-41724B9428C6}.Release|Any CPU.Build.0 = Release|Any CPU
		{DA4FCD5D-3307-426D-BBF9-C02D12D81D48}.Debug|Any CPU.ActiveCfg = Debug|Any CPU
		{DA4FCD5D-3307-426D-BBF9-C02D12D81D48}.Debug|Any CPU.Build.0 = Debug|Any CPU
		{DA4FCD5D-3307-426D-BBF9-C02D12D81D48}.Release|Any CPU.ActiveCfg = Release|Any CPU
		{DA4FCD5D-3307-426D-BBF9-C02D12D81D48}.Release|Any CPU.Build.0 = Release|Any CPU
	EndGlobalSection
	GlobalSection(SolutionProperties) = preSolution
		HideSolutionNode = FALSE
	EndGlobalSection
EndGlobal
