
Microsoft Visual Studio Solution File, Format Version 12.00
# Visual Studio 15
VisualStudioVersion = 15.0.26430.6
MinimumVisualStudioVersion = 10.0.40219.1
Project("{FAE04EC0-301F-11D3-BF4B-00C04F79EFBC}") = "GreetMe", "GreetMe\GreetMe.csproj", "{6477147E-317F-46D3-A94B-AB98149C66EE}"
EndProject
Global
	GlobalSection(SolutionConfigurationPlatforms) = preSolution
		Debug|Any CPU = Debug|Any CPU
		Release|Any CPU = Release|Any CPU
	EndGlobalSection
	GlobalSection(ProjectConfigurationPlatforms) = postSolution
		{6477147E-317F-46D3-A94B-AB98149C66EE}.Debug|Any CPU.ActiveCfg = Debug|Any CPU
		{6477147E-317F-46D3-A94B-AB98149C66EE}.Debug|Any CPU.Build.0 = Debug|Any CPU
		{6477147E-317F-46D3-A94B-AB98149C66EE}.Release|Any CPU.ActiveCfg = Release|Any CPU
		{6477147E-317F-46D3-A94B-AB98149C66EE}.Release|Any CPU.Build.0 = Release|Any CPU
	EndGlobalSection
	GlobalSection(SolutionProperties) = preSolution
		HideSolutionNode = FALSE
	EndGlobalSection
EndGlobal
