
Microsoft Visual Studio Solution File, Format Version 12.00
# Visual Studio 15
VisualStudioVersion = 15.0.26430.6
MinimumVisualStudioVersion = 10.0.40219.1
Project("{FAE04EC0-301F-11D3-BF4B-00C04F79EFBC}") = "CompareNames", "CompareNames\CompareNames.csproj", "{FF8D41F0-AA52-41F7-ACFE-F984974E2DE5}"
EndProject
Project("{FAE04EC0-301F-11D3-BF4B-00C04F79EFBC}") = "CompareNumbers", "CompareNumbers\CompareNumbers.csproj", "{99A1EF94-AC23-45B8-9504-C538E3CB65AA}"
EndProject
Project("{FAE04EC0-301F-11D3-BF4B-00C04F79EFBC}") = "GradingSystem", "GradingSystem\GradingSystem.csproj", "{00367D82-8FDB-4A3E-8350-7E86B49E72E8}"
EndProject
Project("{FAE04EC0-301F-11D3-BF4B-00C04F79EFBC}") = "Switch", "Switch\Switch.csproj", "{C3C806AA-211A-4298-9F56-F2D66BD9F5B7}"
EndProject
Project("{FAE04EC0-301F-11D3-BF4B-00C04F79EFBC}") = "For", "For\For.csproj", "{94A50F7F-96C0-47EC-81C3-A6D62CE27229}"
EndProject
Project("{FAE04EC0-301F-11D3-BF4B-00C04F79EFBC}") = "while", "while\while.csproj", "{BE7735F6-6F40-4727-9A53-523F5D928B8A}"
EndProject
Project("{FAE04EC0-301F-11D3-BF4B-00C04F79EFBC}") = "Dowhile", "Dowhile\Dowhile.csproj", "{76CA6EDC-B187-4B0B-98E8-C85E36ED11E9}"
EndProject
Global
	GlobalSection(SolutionConfigurationPlatforms) = preSolution
		Debug|Any CPU = Debug|Any CPU
		Release|Any CPU = Release|Any CPU
	EndGlobalSection
	GlobalSection(ProjectConfigurationPlatforms) = postSolution
		{FF8D41F0-AA52-41F7-ACFE-F984974E2DE5}.Debug|Any CPU.ActiveCfg = Debug|Any CPU
		{FF8D41F0-AA52-41F7-ACFE-F984974E2DE5}.Debug|Any CPU.Build.0 = Debug|Any CPU
		{FF8D41F0-AA52-41F7-ACFE-F984974E2DE5}.Release|Any CPU.ActiveCfg = Release|Any CPU
		{FF8D41F0-AA52-41F7-ACFE-F984974E2DE5}.Release|Any CPU.Build.0 = Release|Any CPU
		{99A1EF94-AC23-45B8-9504-C538E3CB65AA}.Debug|Any CPU.ActiveCfg = Debug|Any CPU
		{99A1EF94-AC23-45B8-9504-C538E3CB65AA}.Debug|Any CPU.Build.0 = Debug|Any CPU
		{99A1EF94-AC23-45B8-9504-C538E3CB65AA}.Release|Any CPU.ActiveCfg = Release|Any CPU
		{99A1EF94-AC23-45B8-9504-C538E3CB65AA}.Release|Any CPU.Build.0 = Release|Any CPU
		{00367D82-8FDB-4A3E-8350-7E86B49E72E8}.Debug|Any CPU.ActiveCfg = Debug|Any CPU
		{00367D82-8FDB-4A3E-8350-7E86B49E72E8}.Debug|Any CPU.Build.0 = Debug|Any CPU
		{00367D82-8FDB-4A3E-8350-7E86B49E72E8}.Release|Any CPU.ActiveCfg = Release|Any CPU
		{00367D82-8FDB-4A3E-8350-7E86B49E72E8}.Release|Any CPU.Build.0 = Release|Any CPU
		{C3C806AA-211A-4298-9F56-F2D66BD9F5B7}.Debug|Any CPU.ActiveCfg = Debug|Any CPU
		{C3C806AA-211A-4298-9F56-F2D66BD9F5B7}.Debug|Any CPU.Build.0 = Debug|Any CPU
		{C3C806AA-211A-4298-9F56-F2D66BD9F5B7}.Release|Any CPU.ActiveCfg = Release|Any CPU
		{C3C806AA-211A-4298-9F56-F2D66BD9F5B7}.Release|Any CPU.Build.0 = Release|Any CPU
		{94A50F7F-96C0-47EC-81C3-A6D62CE27229}.Debug|Any CPU.ActiveCfg = Debug|Any CPU
		{94A50F7F-96C0-47EC-81C3-A6D62CE27229}.Debug|Any CPU.Build.0 = Debug|Any CPU
		{94A50F7F-96C0-47EC-81C3-A6D62CE27229}.Release|Any CPU.ActiveCfg = Release|Any CPU
		{94A50F7F-96C0-47EC-81C3-A6D62CE27229}.Release|Any CPU.Build.0 = Release|Any CPU
		{BE7735F6-6F40-4727-9A53-523F5D928B8A}.Debug|Any CPU.ActiveCfg = Debug|Any CPU
		{BE7735F6-6F40-4727-9A53-523F5D928B8A}.Debug|Any CPU.Build.0 = Debug|Any CPU
		{BE7735F6-6F40-4727-9A53-523F5D928B8A}.Release|Any CPU.ActiveCfg = Release|Any CPU
		{BE7735F6-6F40-4727-9A53-523F5D928B8A}.Release|Any CPU.Build.0 = Release|Any CPU
		{76CA6EDC-B187-4B0B-98E8-C85E36ED11E9}.Debug|Any CPU.ActiveCfg = Debug|Any CPU
		{76CA6EDC-B187-4B0B-98E8-C85E36ED11E9}.Debug|Any CPU.Build.0 = Debug|Any CPU
		{76CA6EDC-B187-4B0B-98E8-C85E36ED11E9}.Release|Any CPU.ActiveCfg = Release|Any CPU
		{76CA6EDC-B187-4B0B-98E8-C85E36ED11E9}.Release|Any CPU.Build.0 = Release|Any CPU
	EndGlobalSection
	GlobalSection(SolutionProperties) = preSolution
		HideSolutionNode = FALSE
	EndGlobalSection
EndGlobal
