
Microsoft Visual Studio Solution File, Format Version 12.00
# Visual Studio 15
VisualStudioVersion = 15.0.28307.1000
MinimumVisualStudioVersion = 10.0.40219.1
Project("{FAE04EC0-301F-11D3-BF4B-00C04F79EFBC}") = "Classexmaple1_Agomaa", "Classexmaple1_Agomaa\Classexmaple1_Agomaa.csproj", "{7F233E6B-FDE3-4308-95DD-10697E634167}"
EndProject
Project("{FAE04EC0-301F-11D3-BF4B-00C04F79EFBC}") = "Classexample2_Agomaa", "Classexample2_Agomaa\Classexample2_Agomaa.csproj", "{B03BEE24-42D5-4BF8-8A6D-E0453837633B}"
EndProject
Project("{FAE04EC0-301F-11D3-BF4B-00C04F79EFBC}") = "BasicOperations_Agomaa", "BasicOperations_Agomaa\BasicOperations_Agomaa.csproj", "{946BD33C-33F4-4EC8-9441-ADA9E48D0C5C}"
EndProject
Project("{FAE04EC0-301F-11D3-BF4B-00C04F79EFBC}") = "Classexample1v2", "Classexample1v2\Classexample1v2.csproj", "{012304FF-EAA7-4620-ACA7-65762715EEA2}"
EndProject
Project("{FAE04EC0-301F-11D3-BF4B-00C04F79EFBC}") = "Classexample2v2", "Classexample2v2\Classexample2v2.csproj", "{B5A92485-54E0-48B9-B31E-474DFBC0477F}"
EndProject
Global
	GlobalSection(SolutionConfigurationPlatforms) = preSolution
		Debug|Any CPU = Debug|Any CPU
		Release|Any CPU = Release|Any CPU
	EndGlobalSection
	GlobalSection(ProjectConfigurationPlatforms) = postSolution
		{7F233E6B-FDE3-4308-95DD-10697E634167}.Debug|Any CPU.ActiveCfg = Debug|Any CPU
		{7F233E6B-FDE3-4308-95DD-10697E634167}.Debug|Any CPU.Build.0 = Debug|Any CPU
		{7F233E6B-FDE3-4308-95DD-10697E634167}.Release|Any CPU.ActiveCfg = Release|Any CPU
		{7F233E6B-FDE3-4308-95DD-10697E634167}.Release|Any CPU.Build.0 = Release|Any CPU
		{B03BEE24-42D5-4BF8-8A6D-E0453837633B}.Debug|Any CPU.ActiveCfg = Debug|Any CPU
		{B03BEE24-42D5-4BF8-8A6D-E0453837633B}.Debug|Any CPU.Build.0 = Debug|Any CPU
		{B03BEE24-42D5-4BF8-8A6D-E0453837633B}.Release|Any CPU.ActiveCfg = Release|Any CPU
		{B03BEE24-42D5-4BF8-8A6D-E0453837633B}.Release|Any CPU.Build.0 = Release|Any CPU
		{946BD33C-33F4-4EC8-9441-ADA9E48D0C5C}.Debug|Any CPU.ActiveCfg = Debug|Any CPU
		{946BD33C-33F4-4EC8-9441-ADA9E48D0C5C}.Debug|Any CPU.Build.0 = Debug|Any CPU
		{946BD33C-33F4-4EC8-9441-ADA9E48D0C5C}.Release|Any CPU.ActiveCfg = Release|Any CPU
		{946BD33C-33F4-4EC8-9441-ADA9E48D0C5C}.Release|Any CPU.Build.0 = Release|Any CPU
		{012304FF-EAA7-4620-ACA7-65762715EEA2}.Debug|Any CPU.ActiveCfg = Debug|Any CPU
		{012304FF-EAA7-4620-ACA7-65762715EEA2}.Debug|Any CPU.Build.0 = Debug|Any CPU
		{012304FF-EAA7-4620-ACA7-65762715EEA2}.Release|Any CPU.ActiveCfg = Release|Any CPU
		{012304FF-EAA7-4620-ACA7-65762715EEA2}.Release|Any CPU.Build.0 = Release|Any CPU
		{B5A92485-54E0-48B9-B31E-474DFBC0477F}.Debug|Any CPU.ActiveCfg = Debug|Any CPU
		{B5A92485-54E0-48B9-B31E-474DFBC0477F}.Debug|Any CPU.Build.0 = Debug|Any CPU
		{B5A92485-54E0-48B9-B31E-474DFBC0477F}.Release|Any CPU.ActiveCfg = Release|Any CPU
		{B5A92485-54E0-48B9-B31E-474DFBC0477F}.Release|Any CPU.Build.0 = Release|Any CPU
	EndGlobalSection
	GlobalSection(SolutionProperties) = preSolution
		HideSolutionNode = FALSE
	EndGlobalSection
	GlobalSection(ExtensibilityGlobals) = postSolution
		SolutionGuid = {F0C9B94D-AAAD-4F2A-8518-964F179C0FE2}
	EndGlobalSection
EndGlobal
