
Microsoft Visual Studio Solution File, Format Version 12.00
# Visual Studio 15
VisualStudioVersion = 15.0.26430.6
MinimumVisualStudioVersion = 10.0.40219.1
Project("{FAE04EC0-301F-11D3-BF4B-00C04F79EFBC}") = "Sample1_HelloWorld", "LabAct1_Ituralde\Sample1_HelloWorld.csproj", "{5DA242B0-BB29-4094-A21E-528E639DCF50}"
EndProject
Project("{FAE04EC0-301F-11D3-BF4B-00C04F79EFBC}") = "Sample2_MyProfile", "Sample2_MyProfile\Sample2_MyProfile.csproj", "{B38CF179-D4FE-4EBB-8031-3594B74795C7}"
EndProject
Project("{FAE04EC0-301F-11D3-BF4B-00C04F79EFBC}") = "Sample3_InputMyName", "Sample3_InputMyName\Sample3_InputMyName.csproj", "{1B4DD871-25BC-4415-8D97-07C9559C7218}"
EndProject
Global
	GlobalSection(SolutionConfigurationPlatforms) = preSolution
		Debug|Any CPU = Debug|Any CPU
		Release|Any CPU = Release|Any CPU
	EndGlobalSection
	GlobalSection(ProjectConfigurationPlatforms) = postSolution
		{5DA242B0-BB29-4094-A21E-528E639DCF50}.Debug|Any CPU.ActiveCfg = Debug|Any CPU
		{5DA242B0-BB29-4094-A21E-528E639DCF50}.Debug|Any CPU.Build.0 = Debug|Any CPU
		{5DA242B0-BB29-4094-A21E-528E639DCF50}.Release|Any CPU.ActiveCfg = Release|Any CPU
		{5DA242B0-BB29-4094-A21E-528E639DCF50}.Release|Any CPU.Build.0 = Release|Any CPU
		{B38CF179-D4FE-4EBB-8031-3594B74795C7}.Debug|Any CPU.ActiveCfg = Debug|Any CPU
		{B38CF179-D4FE-4EBB-8031-3594B74795C7}.Debug|Any CPU.Build.0 = Debug|Any CPU
		{B38CF179-D4FE-4EBB-8031-3594B74795C7}.Release|Any CPU.ActiveCfg = Release|Any CPU
		{B38CF179-D4FE-4EBB-8031-3594B74795C7}.Release|Any CPU.Build.0 = Release|Any CPU
		{1B4DD871-25BC-4415-8D97-07C9559C7218}.Debug|Any CPU.ActiveCfg = Debug|Any CPU
		{1B4DD871-25BC-4415-8D97-07C9559C7218}.Debug|Any CPU.Build.0 = Debug|Any CPU
		{1B4DD871-25BC-4415-8D97-07C9559C7218}.Release|Any CPU.ActiveCfg = Release|Any CPU
		{1B4DD871-25BC-4415-8D97-07C9559C7218}.Release|Any CPU.Build.0 = Release|Any CPU
	EndGlobalSection
	GlobalSection(SolutionProperties) = preSolution
		HideSolutionNode = FALSE
	EndGlobalSection
EndGlobal
