
Microsoft Visual Studio Solution File, Format Version 12.00
# Visual Studio 15
VisualStudioVersion = 15.0.26430.6
MinimumVisualStudioVersion = 10.0.40219.1
Project("{FAE04EC0-301F-11D3-BF4B-00C04F79EFBC}") = "Sample1_HelloWorld", "LabAct1_Miller\Sample1_HelloWorld.csproj", "{CDA826AF-B9D0-4A91-ABB7-C90C751869DC}"
EndProject
Project("{FAE04EC0-301F-11D3-BF4B-00C04F79EFBC}") = "Sample2_MyProfile", "Sample2_MyProfile\Sample2_MyProfile.csproj", "{222E1FDE-C944-4D88-872A-AA4BDB85DD99}"
EndProject
Project("{FAE04EC0-301F-11D3-BF4B-00C04F79EFBC}") = "Sample3_InputMyName", "Sample3_InputMyName\Sample3_InputMyName.csproj", "{C0F975D6-C87A-457E-8FF9-2133BAE104B7}"
EndProject
Global
	GlobalSection(SolutionConfigurationPlatforms) = preSolution
		Debug|Any CPU = Debug|Any CPU
		Release|Any CPU = Release|Any CPU
	EndGlobalSection
	GlobalSection(ProjectConfigurationPlatforms) = postSolution
		{CDA826AF-B9D0-4A91-ABB7-C90C751869DC}.Debug|Any CPU.ActiveCfg = Debug|Any CPU
		{CDA826AF-B9D0-4A91-ABB7-C90C751869DC}.Debug|Any CPU.Build.0 = Debug|Any CPU
		{CDA826AF-B9D0-4A91-ABB7-C90C751869DC}.Release|Any CPU.ActiveCfg = Release|Any CPU
		{CDA826AF-B9D0-4A91-ABB7-C90C751869DC}.Release|Any CPU.Build.0 = Release|Any CPU
		{222E1FDE-C944-4D88-872A-AA4BDB85DD99}.Debug|Any CPU.ActiveCfg = Debug|Any CPU
		{222E1FDE-C944-4D88-872A-AA4BDB85DD99}.Debug|Any CPU.Build.0 = Debug|Any CPU
		{222E1FDE-C944-4D88-872A-AA4BDB85DD99}.Release|Any CPU.ActiveCfg = Release|Any CPU
		{222E1FDE-C944-4D88-872A-AA4BDB85DD99}.Release|Any CPU.Build.0 = Release|Any CPU
		{C0F975D6-C87A-457E-8FF9-2133BAE104B7}.Debug|Any CPU.ActiveCfg = Debug|Any CPU
		{C0F975D6-C87A-457E-8FF9-2133BAE104B7}.Debug|Any CPU.Build.0 = Debug|Any CPU
		{C0F975D6-C87A-457E-8FF9-2133BAE104B7}.Release|Any CPU.ActiveCfg = Release|Any CPU
		{C0F975D6-C87A-457E-8FF9-2133BAE104B7}.Release|Any CPU.Build.0 = Release|Any CPU
	EndGlobalSection
	GlobalSection(SolutionProperties) = preSolution
		HideSolutionNode = FALSE
	EndGlobalSection
EndGlobal
