
Microsoft Visual Studio Solution File, Format Version 12.00
# Visual Studio 15
VisualStudioVersion = 15.0.26430.6
MinimumVisualStudioVersion = 10.0.40219.1
Project("{FAE04EC0-301F-11D3-BF4B-00C04F79EFBC}") = "ClassEXample1_Salas", "ClassEXample1_Salas\ClassEXample1_Salas.csproj", "{58A9E1C4-F09B-48B8-A894-717FC6640614}"
EndProject
Project("{FAE04EC0-301F-11D3-BF4B-00C04F79EFBC}") = "ClassEXample2_Salas", "ClassEXample2_Salas\ClassEXample2_Salas.csproj", "{0523C718-79C8-4C1E-9BD0-EE834CAA6D9A}"
EndProject
Project("{FAE04EC0-301F-11D3-BF4B-00C04F79EFBC}") = "BasicOperation", "BasicOperation\BasicOperation.csproj", "{F6147056-5C07-490B-B33A-6A8D758913FC}"
EndProject
Project("{FAE04EC0-301F-11D3-BF4B-00C04F79EFBC}") = "ClassExample1v2", "ClassExample1v2\ClassExample1v2.csproj", "{96C12985-CFD2-42B7-A2CD-C6881E4876B7}"
EndProject
Project("{FAE04EC0-301F-11D3-BF4B-00C04F79EFBC}") = "ClassExample2v2", "ClassExample2v2\ClassExample2v2.csproj", "{0EB4E98A-E1D8-4484-8917-882584124D74}"
EndProject
Global
	GlobalSection(SolutionConfigurationPlatforms) = preSolution
		Debug|Any CPU = Debug|Any CPU
		Release|Any CPU = Release|Any CPU
	EndGlobalSection
	GlobalSection(ProjectConfigurationPlatforms) = postSolution
		{58A9E1C4-F09B-48B8-A894-717FC6640614}.Debug|Any CPU.ActiveCfg = Debug|Any CPU
		{58A9E1C4-F09B-48B8-A894-717FC6640614}.Debug|Any CPU.Build.0 = Debug|Any CPU
		{58A9E1C4-F09B-48B8-A894-717FC6640614}.Release|Any CPU.ActiveCfg = Release|Any CPU
		{58A9E1C4-F09B-48B8-A894-717FC6640614}.Release|Any CPU.Build.0 = Release|Any CPU
		{0523C718-79C8-4C1E-9BD0-EE834CAA6D9A}.Debug|Any CPU.ActiveCfg = Debug|Any CPU
		{0523C718-79C8-4C1E-9BD0-EE834CAA6D9A}.Debug|Any CPU.Build.0 = Debug|Any CPU
		{0523C718-79C8-4C1E-9BD0-EE834CAA6D9A}.Release|Any CPU.ActiveCfg = Release|Any CPU
		{0523C718-79C8-4C1E-9BD0-EE834CAA6D9A}.Release|Any CPU.Build.0 = Release|Any CPU
		{F6147056-5C07-490B-B33A-6A8D758913FC}.Debug|Any CPU.ActiveCfg = Debug|Any CPU
		{F6147056-5C07-490B-B33A-6A8D758913FC}.Debug|Any CPU.Build.0 = Debug|Any CPU
		{F6147056-5C07-490B-B33A-6A8D758913FC}.Release|Any CPU.ActiveCfg = Release|Any CPU
		{F6147056-5C07-490B-B33A-6A8D758913FC}.Release|Any CPU.Build.0 = Release|Any CPU
		{96C12985-CFD2-42B7-A2CD-C6881E4876B7}.Debug|Any CPU.ActiveCfg = Debug|Any CPU
		{96C12985-CFD2-42B7-A2CD-C6881E4876B7}.Debug|Any CPU.Build.0 = Debug|Any CPU
		{96C12985-CFD2-42B7-A2CD-C6881E4876B7}.Release|Any CPU.ActiveCfg = Release|Any CPU
		{96C12985-CFD2-42B7-A2CD-C6881E4876B7}.Release|Any CPU.Build.0 = Release|Any CPU
		{0EB4E98A-E1D8-4484-8917-882584124D74}.Debug|Any CPU.ActiveCfg = Debug|Any CPU
		{0EB4E98A-E1D8-4484-8917-882584124D74}.Debug|Any CPU.Build.0 = Debug|Any CPU
		{0EB4E98A-E1D8-4484-8917-882584124D74}.Release|Any CPU.ActiveCfg = Release|Any CPU
		{0EB4E98A-E1D8-4484-8917-882584124D74}.Release|Any CPU.Build.0 = Release|Any CPU
	EndGlobalSection
	GlobalSection(SolutionProperties) = preSolution
		HideSolutionNode = FALSE
	EndGlobalSection
EndGlobal
