
Microsoft Visual Studio Solution File, Format Version 12.00
# Visual Studio 15
VisualStudioVersion = 15.0.26430.6
MinimumVisualStudioVersion = 10.0.40219.1
Project("{FAE04EC0-301F-11D3-BF4B-00C04F79EFBC}") = "GradingSystem", "GradingSystem\GradingSystem.csproj", "{389961E9-FFE7-448A-A756-488317C80EC0}"
EndProject
Project("{FAE04EC0-301F-11D3-BF4B-00C04F79EFBC}") = "Switch", "Switch\Switch.csproj", "{FA990475-EB77-4E6F-B64C-E433AFCEEAF7}"
EndProject
Project("{FAE04EC0-301F-11D3-BF4B-00C04F79EFBC}") = "For", "For\For.csproj", "{124C7ADC-25D0-44C9-BB4D-7F8067146296}"
EndProject
Project("{FAE04EC0-301F-11D3-BF4B-00C04F79EFBC}") = "while", "while\while.csproj", "{F0F221A5-5E9E-4D0D-BC51-B1125DF8BCF6}"
EndProject
Project("{FAE04EC0-301F-11D3-BF4B-00C04F79EFBC}") = "Do-while", "Do-while\Do-while.csproj", "{177BA18D-2946-4A45-98F7-D252C6413B20}"
EndProject
Project("{FAE04EC0-301F-11D3-BF4B-00C04F79EFBC}") = "CompareNames", "CompareNumbers\CompareNames.csproj", "{5C41378E-F5C4-4647-89D9-E1496156B98C}"
EndProject
Project("{FAE04EC0-301F-11D3-BF4B-00C04F79EFBC}") = "CompareNumber", "CompareNumber\CompareNumber.csproj", "{F112D7E8-A370-41E0-8367-412DE23C5BDB}"
EndProject
Global
	GlobalSection(SolutionConfigurationPlatforms) = preSolution
		Debug|Any CPU = Debug|Any CPU
		Release|Any CPU = Release|Any CPU
	EndGlobalSection
	GlobalSection(ProjectConfigurationPlatforms) = postSolution
		{389961E9-FFE7-448A-A756-488317C80EC0}.Debug|Any CPU.ActiveCfg = Debug|Any CPU
		{389961E9-FFE7-448A-A756-488317C80EC0}.Debug|Any CPU.Build.0 = Debug|Any CPU
		{389961E9-FFE7-448A-A756-488317C80EC0}.Release|Any CPU.ActiveCfg = Release|Any CPU
		{389961E9-FFE7-448A-A756-488317C80EC0}.Release|Any CPU.Build.0 = Release|Any CPU
		{FA990475-EB77-4E6F-B64C-E433AFCEEAF7}.Debug|Any CPU.ActiveCfg = Debug|Any CPU
		{FA990475-EB77-4E6F-B64C-E433AFCEEAF7}.Debug|Any CPU.Build.0 = Debug|Any CPU
		{FA990475-EB77-4E6F-B64C-E433AFCEEAF7}.Release|Any CPU.ActiveCfg = Release|Any CPU
		{FA990475-EB77-4E6F-B64C-E433AFCEEAF7}.Release|Any CPU.Build.0 = Release|Any CPU
		{124C7ADC-25D0-44C9-BB4D-7F8067146296}.Debug|Any CPU.ActiveCfg = Debug|Any CPU
		{124C7ADC-25D0-44C9-BB4D-7F8067146296}.Debug|Any CPU.Build.0 = Debug|Any CPU
		{124C7ADC-25D0-44C9-BB4D-7F8067146296}.Release|Any CPU.ActiveCfg = Release|Any CPU
		{124C7ADC-25D0-44C9-BB4D-7F8067146296}.Release|Any CPU.Build.0 = Release|Any CPU
		{F0F221A5-5E9E-4D0D-BC51-B1125DF8BCF6}.Debug|Any CPU.ActiveCfg = Debug|Any CPU
		{F0F221A5-5E9E-4D0D-BC51-B1125DF8BCF6}.Debug|Any CPU.Build.0 = Debug|Any CPU
		{F0F221A5-5E9E-4D0D-BC51-B1125DF8BCF6}.Release|Any CPU.ActiveCfg = Release|Any CPU
		{F0F221A5-5E9E-4D0D-BC51-B1125DF8BCF6}.Release|Any CPU.Build.0 = Release|Any CPU
		{177BA18D-2946-4A45-98F7-D252C6413B20}.Debug|Any CPU.ActiveCfg = Debug|Any CPU
		{177BA18D-2946-4A45-98F7-D252C6413B20}.Debug|Any CPU.Build.0 = Debug|Any CPU
		{177BA18D-2946-4A45-98F7-D252C6413B20}.Release|Any CPU.ActiveCfg = Release|Any CPU
		{177BA18D-2946-4A45-98F7-D252C6413B20}.Release|Any CPU.Build.0 = Release|Any CPU
		{5C41378E-F5C4-4647-89D9-E1496156B98C}.Debug|Any CPU.ActiveCfg = Debug|Any CPU
		{5C41378E-F5C4-4647-89D9-E1496156B98C}.Debug|Any CPU.Build.0 = Debug|Any CPU
		{5C41378E-F5C4-4647-89D9-E1496156B98C}.Release|Any CPU.ActiveCfg = Release|Any CPU
		{5C41378E-F5C4-4647-89D9-E1496156B98C}.Release|Any CPU.Build.0 = Release|Any CPU
		{F112D7E8-A370-41E0-8367-412DE23C5BDB}.Debug|Any CPU.ActiveCfg = Debug|Any CPU
		{F112D7E8-A370-41E0-8367-412DE23C5BDB}.Debug|Any CPU.Build.0 = Debug|Any CPU
		{F112D7E8-A370-41E0-8367-412DE23C5BDB}.Release|Any CPU.ActiveCfg = Release|Any CPU
		{F112D7E8-A370-41E0-8367-412DE23C5BDB}.Release|Any CPU.Build.0 = Release|Any CPU
	EndGlobalSection
	GlobalSection(SolutionProperties) = preSolution
		HideSolutionNode = FALSE
	EndGlobalSection
	GlobalSection(ExtensibilityGlobals) = postSolution
		SolutionGuid = {A4686DB6-03D5-4A96-8BE1-28F5111DE022}
	EndGlobalSection
EndGlobal
