
Microsoft Visual Studio Solution File, Format Version 12.00
# Visual Studio 15
VisualStudioVersion = 15.0.26430.6
MinimumVisualStudioVersion = 10.0.40219.1
Project("{FAE04EC0-301F-11D3-BF4B-00C04F79EFBC}") = "Sample1_HelloWorld", "LabActivity1_Paulo\Sample1_HelloWorld.csproj", "{D10E7BFB-9AEF-465B-91C0-846D16BE9537}"
EndProject
Project("{FAE04EC0-301F-11D3-BF4B-00C04F79EFBC}") = "Sample2_MyProfile", "Sample2_MyProfile\Sample2_MyProfile.csproj", "{DECB35A9-D0AB-4A40-9B22-2E755C44BBC5}"
EndProject
Project("{FAE04EC0-301F-11D3-BF4B-00C04F79EFBC}") = "Sample3_InputMyName", "Sample3_InputMyName\Sample3_InputMyName.csproj", "{525361AA-35F8-4E96-8455-2A24712B125F}"
EndProject
Global
	GlobalSection(SolutionConfigurationPlatforms) = preSolution
		Debug|Any CPU = Debug|Any CPU
		Release|Any CPU = Release|Any CPU
	EndGlobalSection
	GlobalSection(ProjectConfigurationPlatforms) = postSolution
		{D10E7BFB-9AEF-465B-91C0-846D16BE9537}.Debug|Any CPU.ActiveCfg = Debug|Any CPU
		{D10E7BFB-9AEF-465B-91C0-846D16BE9537}.Debug|Any CPU.Build.0 = Debug|Any CPU
		{D10E7BFB-9AEF-465B-91C0-846D16BE9537}.Release|Any CPU.ActiveCfg = Release|Any CPU
		{D10E7BFB-9AEF-465B-91C0-846D16BE9537}.Release|Any CPU.Build.0 = Release|Any CPU
		{DECB35A9-D0AB-4A40-9B22-2E755C44BBC5}.Debug|Any CPU.ActiveCfg = Debug|Any CPU
		{DECB35A9-D0AB-4A40-9B22-2E755C44BBC5}.Debug|Any CPU.Build.0 = Debug|Any CPU
		{DECB35A9-D0AB-4A40-9B22-2E755C44BBC5}.Release|Any CPU.ActiveCfg = Release|Any CPU
		{DECB35A9-D0AB-4A40-9B22-2E755C44BBC5}.Release|Any CPU.Build.0 = Release|Any CPU
		{525361AA-35F8-4E96-8455-2A24712B125F}.Debug|Any CPU.ActiveCfg = Debug|Any CPU
		{525361AA-35F8-4E96-8455-2A24712B125F}.Debug|Any CPU.Build.0 = Debug|Any CPU
		{525361AA-35F8-4E96-8455-2A24712B125F}.Release|Any CPU.ActiveCfg = Release|Any CPU
		{525361AA-35F8-4E96-8455-2A24712B125F}.Release|Any CPU.Build.0 = Release|Any CPU
	EndGlobalSection
	GlobalSection(SolutionProperties) = preSolution
		HideSolutionNode = FALSE
	EndGlobalSection
EndGlobal
