
Microsoft Visual Studio Solution File, Format Version 12.00
# Visual Studio 15
VisualStudioVersion = 15.0.26430.6
MinimumVisualStudioVersion = 10.0.40219.1
Project("{FAE04EC0-301F-11D3-BF4B-00C04F79EFBC}") = "Sample1_HelloWorld", "LabAcivity1_CAPULI\Sample1_HelloWorld.csproj", "{B9E4B504-CBFC-46C8-853A-952DB4311EC2}"
EndProject
Project("{FAE04EC0-301F-11D3-BF4B-00C04F79EFBC}") = "Sample2_MyProfile", "Sample2_MyProfile\Sample2_MyProfile.csproj", "{841C68CA-4D13-4F13-B3B5-94DD0D8CAFBB}"
EndProject
Project("{FAE04EC0-301F-11D3-BF4B-00C04F79EFBC}") = "Sample3_InputMyName", "Sample3_InputMyName\Sample3_InputMyName.csproj", "{9B643EC6-F99E-4FB6-8F70-9ACC3A1D3444}"
EndProject
Global
	GlobalSection(SolutionConfigurationPlatforms) = preSolution
		Debug|Any CPU = Debug|Any CPU
		Release|Any CPU = Release|Any CPU
	EndGlobalSection
	GlobalSection(ProjectConfigurationPlatforms) = postSolution
		{B9E4B504-CBFC-46C8-853A-952DB4311EC2}.Debug|Any CPU.ActiveCfg = Debug|Any CPU
		{B9E4B504-CBFC-46C8-853A-952DB4311EC2}.Debug|Any CPU.Build.0 = Debug|Any CPU
		{B9E4B504-CBFC-46C8-853A-952DB4311EC2}.Release|Any CPU.ActiveCfg = Release|Any CPU
		{B9E4B504-CBFC-46C8-853A-952DB4311EC2}.Release|Any CPU.Build.0 = Release|Any CPU
		{841C68CA-4D13-4F13-B3B5-94DD0D8CAFBB}.Debug|Any CPU.ActiveCfg = Debug|Any CPU
		{841C68CA-4D13-4F13-B3B5-94DD0D8CAFBB}.Debug|Any CPU.Build.0 = Debug|Any CPU
		{841C68CA-4D13-4F13-B3B5-94DD0D8CAFBB}.Release|Any CPU.ActiveCfg = Release|Any CPU
		{841C68CA-4D13-4F13-B3B5-94DD0D8CAFBB}.Release|Any CPU.Build.0 = Release|Any CPU
		{9B643EC6-F99E-4FB6-8F70-9ACC3A1D3444}.Debug|Any CPU.ActiveCfg = Debug|Any CPU
		{9B643EC6-F99E-4FB6-8F70-9ACC3A1D3444}.Debug|Any CPU.Build.0 = Debug|Any CPU
		{9B643EC6-F99E-4FB6-8F70-9ACC3A1D3444}.Release|Any CPU.ActiveCfg = Release|Any CPU
		{9B643EC6-F99E-4FB6-8F70-9ACC3A1D3444}.Release|Any CPU.Build.0 = Release|Any CPU
	EndGlobalSection
	GlobalSection(SolutionProperties) = preSolution
		HideSolutionNode = FALSE
	EndGlobalSection
EndGlobal
