
Microsoft Visual Studio Solution File, Format Version 12.00
# Visual Studio 15
VisualStudioVersion = 15.0.26430.6
MinimumVisualStudioVersion = 10.0.40219.1
Project("{FAE04EC0-301F-11D3-BF4B-00C04F79EFBC}") = "CompareNames", "LabActivity3_Valerio\CompareNames.csproj", "{FE8B1A2C-4036-467D-9E2F-AB99AC4EE65A}"
EndProject
Project("{FAE04EC0-301F-11D3-BF4B-00C04F79EFBC}") = "CompareNumbers", "CompareNumbers\CompareNumbers.csproj", "{7B525956-C90F-4ABA-9D19-E92159B29CF6}"
EndProject
Project("{FAE04EC0-301F-11D3-BF4B-00C04F79EFBC}") = "GradingSystem", "GradingSystem\GradingSystem.csproj", "{C8241DA2-8A36-4D52-882D-9A743B025D2C}"
EndProject
Project("{FAE04EC0-301F-11D3-BF4B-00C04F79EFBC}") = "Switch", "Switch\Switch.csproj", "{4AB5A352-B211-44A2-8BAA-0DB3D6085E24}"
EndProject
Project("{FAE04EC0-301F-11D3-BF4B-00C04F79EFBC}") = "For", "For\For.csproj", "{6CE84606-99F0-45EB-BF8C-01705FEDBED1}"
EndProject
Project("{FAE04EC0-301F-11D3-BF4B-00C04F79EFBC}") = "While", "While\While.csproj", "{FF792D88-678C-49D5-883C-A850A1AF5C4C}"
EndProject
Project("{FAE04EC0-301F-11D3-BF4B-00C04F79EFBC}") = "DoWhile", "DoWhile\DoWhile.csproj", "{5392CD95-AE07-4303-A048-76D694705412}"
EndProject
Global
	GlobalSection(SolutionConfigurationPlatforms) = preSolution
		Debug|Any CPU = Debug|Any CPU
		Release|Any CPU = Release|Any CPU
	EndGlobalSection
	GlobalSection(ProjectConfigurationPlatforms) = postSolution
		{FE8B1A2C-4036-467D-9E2F-AB99AC4EE65A}.Debug|Any CPU.ActiveCfg = Debug|Any CPU
		{FE8B1A2C-4036-467D-9E2F-AB99AC4EE65A}.Debug|Any CPU.Build.0 = Debug|Any CPU
		{FE8B1A2C-4036-467D-9E2F-AB99AC4EE65A}.Release|Any CPU.ActiveCfg = Release|Any CPU
		{FE8B1A2C-4036-467D-9E2F-AB99AC4EE65A}.Release|Any CPU.Build.0 = Release|Any CPU
		{7B525956-C90F-4ABA-9D19-E92159B29CF6}.Debug|Any CPU.ActiveCfg = Debug|Any CPU
		{7B525956-C90F-4ABA-9D19-E92159B29CF6}.Debug|Any CPU.Build.0 = Debug|Any CPU
		{7B525956-C90F-4ABA-9D19-E92159B29CF6}.Release|Any CPU.ActiveCfg = Release|Any CPU
		{7B525956-C90F-4ABA-9D19-E92159B29CF6}.Release|Any CPU.Build.0 = Release|Any CPU
		{C8241DA2-8A36-4D52-882D-9A743B025D2C}.Debug|Any CPU.ActiveCfg = Debug|Any CPU
		{C8241DA2-8A36-4D52-882D-9A743B025D2C}.Debug|Any CPU.Build.0 = Debug|Any CPU
		{C8241DA2-8A36-4D52-882D-9A743B025D2C}.Release|Any CPU.ActiveCfg = Release|Any CPU
		{C8241DA2-8A36-4D52-882D-9A743B025D2C}.Release|Any CPU.Build.0 = Release|Any CPU
		{4AB5A352-B211-44A2-8BAA-0DB3D6085E24}.Debug|Any CPU.ActiveCfg = Debug|Any CPU
		{4AB5A352-B211-44A2-8BAA-0DB3D6085E24}.Debug|Any CPU.Build.0 = Debug|Any CPU
		{4AB5A352-B211-44A2-8BAA-0DB3D6085E24}.Release|Any CPU.ActiveCfg = Release|Any CPU
		{4AB5A352-B211-44A2-8BAA-0DB3D6085E24}.Release|Any CPU.Build.0 = Release|Any CPU
		{6CE84606-99F0-45EB-BF8C-01705FEDBED1}.Debug|Any CPU.ActiveCfg = Debug|Any CPU
		{6CE84606-99F0-45EB-BF8C-01705FEDBED1}.Debug|Any CPU.Build.0 = Debug|Any CPU
		{6CE84606-99F0-45EB-BF8C-01705FEDBED1}.Release|Any CPU.ActiveCfg = Release|Any CPU
		{6CE84606-99F0-45EB-BF8C-01705FEDBED1}.Release|Any CPU.Build.0 = Release|Any CPU
		{FF792D88-678C-49D5-883C-A850A1AF5C4C}.Debug|Any CPU.ActiveCfg = Debug|Any CPU
		{FF792D88-678C-49D5-883C-A850A1AF5C4C}.Debug|Any CPU.Build.0 = Debug|Any CPU
		{FF792D88-678C-49D5-883C-A850A1AF5C4C}.Release|Any CPU.ActiveCfg = Release|Any CPU
		{FF792D88-678C-49D5-883C-A850A1AF5C4C}.Release|Any CPU.Build.0 = Release|Any CPU
		{5392CD95-AE07-4303-A048-76D694705412}.Debug|Any CPU.ActiveCfg = Debug|Any CPU
		{5392CD95-AE07-4303-A048-76D694705412}.Debug|Any CPU.Build.0 = Debug|Any CPU
		{5392CD95-AE07-4303-A048-76D694705412}.Release|Any CPU.ActiveCfg = Release|Any CPU
		{5392CD95-AE07-4303-A048-76D694705412}.Release|Any CPU.Build.0 = Release|Any CPU
	EndGlobalSection
	GlobalSection(SolutionProperties) = preSolution
		HideSolutionNode = FALSE
	EndGlobalSection
EndGlobal
